
Microsoft Visual Studio Solution File, Format Version 12.00
# Visual Studio Version 16
VisualStudioVersion = 16.0.30204.135
MinimumVisualStudioVersion = 10.0.40219.1
Project("{9A19103F-16F7-4668-BE54-9A1E7A4F7556}") = "FO-DataPackageImport", "FO-DataPackageImport.csproj", "{C3240B8C-32A6-4CEC-9206-A42584C64AE0}"
EndProject
Global
	GlobalSection(SolutionConfigurationPlatforms) = preSolution
		Debug|Any CPU = Debug|Any CPU
		Release|Any CPU = Release|Any CPU
	EndGlobalSection
	GlobalSection(ProjectConfigurationPlatforms) = postSolution
		{C3240B8C-32A6-4CEC-9206-A42584C64AE0}.Debug|Any CPU.ActiveCfg = Debug|Any CPU
		{C3240B8C-32A6-4CEC-9206-A42584C64AE0}.Debug|Any CPU.Build.0 = Debug|Any CPU
		{C3240B8C-32A6-4CEC-9206-A42584C64AE0}.Release|Any CPU.ActiveCfg = Release|Any CPU
		{C3240B8C-32A6-4CEC-9206-A42584C64AE0}.Release|Any CPU.Build.0 = Release|Any CPU
	EndGlobalSection
	GlobalSection(SolutionProperties) = preSolution
		HideSolutionNode = FALSE
	EndGlobalSection
	GlobalSection(ExtensibilityGlobals) = postSolution
		SolutionGuid = {F90B1B8A-5BA9-403A-B1AD-04C287049EF2}
	EndGlobalSection
EndGlobal
